
Microsoft Visual Studio Solution File, Format Version 12.00
# Visual Studio 15
VisualStudioVersion = 15.0.28307.757
MinimumVisualStudioVersion = 10.0.40219.1
Project("{8BC9CEB8-8B4A-11D0-8D11-00A0C91BC942}") = "lab1-2", "lab1-2\lab1-2.vcxproj", "{D7B0F9A3-C628-460B-81C7-5A88297A9C53}"
EndProject
Global
	GlobalSection(SolutionConfigurationPlatforms) = preSolution
		Debug|x64 = Debug|x64
		Debug|x86 = Debug|x86
		Release|x64 = Release|x64
		Release|x86 = Release|x86
	EndGlobalSection
	GlobalSection(ProjectConfigurationPlatforms) = postSolution
		{D7B0F9A3-C628-460B-81C7-5A88297A9C53}.Debug|x64.ActiveCfg = Debug|x64
		{D7B0F9A3-C628-460B-81C7-5A88297A9C53}.Debug|x64.Build.0 = Debug|x64
		{D7B0F9A3-C628-460B-81C7-5A88297A9C53}.Debug|x86.ActiveCfg = Debug|Win32
		{D7B0F9A3-C628-460B-81C7-5A88297A9C53}.Debug|x86.Build.0 = Debug|Win32
		{D7B0F9A3-C628-460B-81C7-5A88297A9C53}.Release|x64.ActiveCfg = Release|x64
		{D7B0F9A3-C628-460B-81C7-5A88297A9C53}.Release|x64.Build.0 = Release|x64
		{D7B0F9A3-C628-460B-81C7-5A88297A9C53}.Release|x86.ActiveCfg = Release|Win32
		{D7B0F9A3-C628-460B-81C7-5A88297A9C53}.Release|x86.Build.0 = Release|Win32
	EndGlobalSection
	GlobalSection(SolutionProperties) = preSolution
		HideSolutionNode = FALSE
	EndGlobalSection
	GlobalSection(ExtensibilityGlobals) = postSolution
		SolutionGuid = {13A6E0D8-C4E7-4EBC-8D50-0E232AF8D79E}
	EndGlobalSection
EndGlobal
